// !$*UTF8*$!
{
	archiveVersion = 1;
	classes = {
	};
	objectVersion = 46;
	objects = {

/* Begin PBXBuildFile section */
		741D05641F72B67C00875898 /* AppDelegate.swift in Sources */ = {isa = PBXBuildFile; fileRef = 741D05631F72B67C00875898 /* AppDelegate.swift */; };
		741D05661F72B67C00875898 /* ViewController.swift in Sources */ = {isa = PBXBuildFile; fileRef = 741D05651F72B67C00875898 /* ViewController.swift */; };
		741D05691F72B67C00875898 /* Main.storyboard in Resources */ = {isa = PBXBuildFile; fileRef = 741D05671F72B67C00875898 /* Main.storyboard */; };
		741D056B1F72B67C00875898 /* Assets.xcassets in Resources */ = {isa = PBXBuildFile; fileRef = 741D056A1F72B67C00875898 /* Assets.xcassets */; };
		741D056E1F72B67C00875898 /* LaunchScreen.storyboard in Resources */ = {isa = PBXBuildFile; fileRef = 741D056C1F72B67C00875898 /* LaunchScreen.storyboard */; };
		741D05791F72B67C00875898 /* YelpTests.swift in Sources */ = {isa = PBXBuildFile; fileRef = 741D05781F72B67C00875898 /* YelpTests.swift */; };
		741D05841F72B67C00875898 /* YelpUITests.swift in Sources */ = {isa = PBXBuildFile; fileRef = 741D05831F72B67C00875898 /* YelpUITests.swift */; };
/* End PBXBuildFile section */

/* Begin PBXContainerItemProxy section */
		741D05751F72B67C00875898 /* PBXContainerItemProxy */ = {
			isa = PBXContainerItemProxy;
			containerPortal = 741D05581F72B67C00875898 /* Project object */;
			proxyType = 1;
			remoteGlobalIDString = 741D055F1F72B67C00875898;
			remoteInfo = Yelp;
		};
		741D05801F72B67C00875898 /* PBXContainerItemProxy */ = {
			isa = PBXContainerItemProxy;
			containerPortal = 741D05581F72B67C00875898 /* Project object */;
			proxyType = 1;
			remoteGlobalIDString = 741D055F1F72B67C00875898;
			remoteInfo = Yelp;
		};
/* End PBXContainerItemProxy section */

/* Begin PBXFileReference section */
		741D05601F72B67C00875898 /* Yelp.app */ = {isa = PBXFileReference; explicitFileType = wrapper.application; includeInIndex = 0; path = Yelp.app; sourceTree = BUILT_PRODUCTS_DIR; };
		741D05631F72B67C00875898 /* AppDelegate.swift */ = {isa = PBXFileReference; lastKnownFileType = sourcecode.swift; path = AppDelegate.swift; sourceTree = "<group>"; };
		741D05651F72B67C00875898 /* ViewController.swift */ = {isa = PBXFileReference; lastKnownFileType = sourcecode.swift; path = ViewController.swift; sourceTree = "<group>"; };
		741D05681F72B67C00875898 /* Base */ = {isa = PBXFileReference; lastKnownFileType = file.storyboard; name = Base; path = Base.lproj/Main.storyboard; sourceTree = "<group>"; };
		741D056A1F72B67C00875898 /* Assets.xcassets */ = {isa = PBXFileReference; lastKnownFileType = folder.assetcatalog; path = Assets.xcassets; sourceTree = "<group>"; };
		741D056D1F72B67C00875898 /* Base */ = {isa = PBXFileReference; lastKnownFileType = file.storyboard; name = Base; path = Base.lproj/LaunchScreen.storyboard; sourceTree = "<group>"; };
		741D056F1F72B67C00875898 /* Info.plist */ = {isa = PBXFileReference; lastKnownFileType = text.plist.xml; path = Info.plist; sourceTree = "<group>"; };
		741D05741F72B67C00875898 /* YelpTests.xctest */ = {isa = PBXFileReference; explicitFileType = wrapper.cfbundle; includeInIndex = 0; path = YelpTests.xctest; sourceTree = BUILT_PRODUCTS_DIR; };
		741D05781F72B67C00875898 /* YelpTests.swift */ = {isa = PBXFileReference; lastKnownFileType = sourcecode.swift; path = YelpTests.swift; sourceTree = "<group>"; };
		741D057A1F72B67C00875898 /* Info.plist */ = {isa = PBXFileReference; lastKnownFileType = text.plist.xml; path = Info.plist; sourceTree = "<group>"; };
		741D057F1F72B67C00875898 /* YelpUITests.xctest */ = {isa = PBXFileReference; explicitFileType = wrapper.cfbundle; includeInIndex = 0; path = YelpUITests.xctest; sourceTree = BUILT_PRODUCTS_DIR; };
		741D05831F72B67C00875898 /* YelpUITests.swift */ = {isa = PBXFileReference; lastKnownFileType = sourcecode.swift; path = YelpUITests.swift; sourceTree = "<group>"; };
		741D05851F72B67C00875898 /* Info.plist */ = {isa = PBXFileReference; lastKnownFileType = text.plist.xml; path = Info.plist; sourceTree = "<group>"; };
/* End PBXFileReference section */

/* Begin PBXFrameworksBuildPhase section */
		741D055D1F72B67C00875898 /* Frameworks */ = {
			isa = PBXFrameworksBuildPhase;
			buildActionMask = 2147483647;
			files = (
			);
			runOnlyForDeploymentPostprocessing = 0;
		};
		741D05711F72B67C00875898 /* Frameworks */ = {
			isa = PBXFrameworksBuildPhase;
			buildActionMask = 2147483647;
			files = (
			);
			runOnlyForDeploymentPostprocessing = 0;
		};
		741D057C1F72B67C00875898 /* Frameworks */ = {
			isa = PBXFrameworksBuildPhase;
			buildActionMask = 2147483647;
			files = (
			);
			runOnlyForDeploymentPostprocessing = 0;
		};
/* End PBXFrameworksBuildPhase section */

/* Begin PBXGroup section */
		741D05571F72B67C00875898 = {
			isa = PBXGroup;
			children = (
				741D05621F72B67C00875898 /* Yelp */,
				741D05771F72B67C00875898 /* YelpTests */,
				741D05821F72B67C00875898 /* YelpUITests */,
				741D05611F72B67C00875898 /* Products */,
			);
			sourceTree = "<group>";
		};
		741D05611F72B67C00875898 /* Products */ = {
			isa = PBXGroup;
			children = (
				741D05601F72B67C00875898 /* Yelp.app */,
				741D05741F72B67C00875898 /* YelpTests.xctest */,
				741D057F1F72B67C00875898 /* YelpUITests.xctest */,
			);
			name = Products;
			sourceTree = "<group>";
		};
		741D05621F72B67C00875898 /* Yelp */ = {
			isa = PBXGroup;
			children = (
				741D05631F72B67C00875898 /* AppDelegate.swift */,
				741D05651F72B67C00875898 /* ViewController.swift */,
				741D05671F72B67C00875898 /* Main.storyboard */,
				741D056A1F72B67C00875898 /* Assets.xcassets */,
				741D056C1F72B67C00875898 /* LaunchScreen.storyboard */,
				741D056F1F72B67C00875898 /* Info.plist */,
			);
			path = Yelp;
			sourceTree = "<group>";
		};
		741D05771F72B67C00875898 /* YelpTests */ = {
			isa = PBXGroup;
			children = (
				741D05781F72B67C00875898 /* YelpTests.swift */,
				741D057A1F72B67C00875898 /* Info.plist */,
			);
			path = YelpTests;
			sourceTree = "<group>";
		};
		741D05821F72B67C00875898 /* YelpUITests */ = {
			isa = PBXGroup;
			children = (
				741D05831F72B67C00875898 /* YelpUITests.swift */,
				741D05851F72B67C00875898 /* Info.plist */,
			);
			path = YelpUITests;
			sourceTree = "<group>";
		};
/* End PBXGroup section */

/* Begin PBXNativeTarget section */
		741D055F1F72B67C00875898 /* Yelp */ = {
			isa = PBXNativeTarget;
			buildConfigurationList = 741D05881F72B67C00875898 /* Build configuration list for PBXNativeTarget "Yelp" */;
			buildPhases = (
				741D055C1F72B67C00875898 /* Sources */,
				741D055D1F72B67C00875898 /* Frameworks */,
				741D055E1F72B67C00875898 /* Resources */,
			);
			buildRules = (
			);
			dependencies = (
			);
			name = Yelp;
			productName = Yelp;
			productReference = 741D05601F72B67C00875898 /* Yelp.app */;
			productType = "com.apple.product-type.application";
		};
		741D05731F72B67C00875898 /* YelpTests */ = {
			isa = PBXNativeTarget;
			buildConfigurationList = 741D058B1F72B67C00875898 /* Build configuration list for PBXNativeTarget "YelpTests" */;
			buildPhases = (
				741D05701F72B67C00875898 /* Sources */,
				741D05711F72B67C00875898 /* Frameworks */,
				741D05721F72B67C00875898 /* Resources */,
			);
			buildRules = (
			);
			dependencies = (
				741D05761F72B67C00875898 /* PBXTargetDependency */,
			);
			name = YelpTests;
			productName = YelpTests;
			productReference = 741D05741F72B67C00875898 /* YelpTests.xctest */;
			productType = "com.apple.product-type.bundle.unit-test";
		};
		741D057E1F72B67C00875898 /* YelpUITests */ = {
			isa = PBXNativeTarget;
			buildConfigurationList = 741D058E1F72B67C00875898 /* Build configuration list for PBXNativeTarget "YelpUITests" */;
			buildPhases = (
				741D057B1F72B67C00875898 /* Sources */,
				741D057C1F72B67C00875898 /* Frameworks */,
				741D057D1F72B67C00875898 /* Resources */,
			);
			buildRules = (
			);
			dependencies = (
				741D05811F72B67C00875898 /* PBXTargetDependency */,
			);
			name = YelpUITests;
			productName = YelpUITests;
			productReference = 741D057F1F72B67C00875898 /* YelpUITests.xctest */;
			productType = "com.apple.product-type.bundle.ui-testing";
		};
/* End PBXNativeTarget section */

/* Begin PBXProject section */
		741D05581F72B67C00875898 /* Project object */ = {
			isa = PBXProject;
			attributes = {
				LastSwiftUpdateCheck = 0830;
				LastUpgradeCheck = 0830;
				ORGANIZATIONNAME = "Siji Rachel Tom";
				TargetAttributes = {
					741D055F1F72B67C00875898 = {
						CreatedOnToolsVersion = 8.3.3;
						ProvisioningStyle = Automatic;
					};
					741D05731F72B67C00875898 = {
						CreatedOnToolsVersion = 8.3.3;
						ProvisioningStyle = Automatic;
						TestTargetID = 741D055F1F72B67C00875898;
					};
					741D057E1F72B67C00875898 = {
						CreatedOnToolsVersion = 8.3.3;
						ProvisioningStyle = Automatic;
						TestTargetID = 741D055F1F72B67C00875898;
					};
				};
			};
			buildConfigurationList = 741D055B1F72B67C00875898 /* Build configuration list for PBXProject "Yelp" */;
			compatibilityVersion = "Xcode 3.2";
			developmentRegion = English;
			hasScannedForEncodings = 0;
			knownRegions = (
				en,
				Base,
			);
			mainGroup = 741D05571F72B67C00875898;
			productRefGroup = 741D05611F72B67C00875898 /* Products */;
			projectDirPath = "";
			projectRoot = "";
			targets = (
				741D055F1F72B67C00875898 /* Yelp */,
				741D05731F72B67C00875898 /* YelpTests */,
				741D057E1F72B67C00875898 /* YelpUITests */,
			);
		};
/* End PBXProject section */

/* Begin PBXResourcesBuildPhase section */
		741D055E1F72B67C00875898 /* Resources */ = {
			isa = PBXResourcesBuildPhase;
			buildActionMask = 2147483647;
			files = (
				741D056E1F72B67C00875898 /* LaunchScreen.storyboard in Resources */,
				741D056B1F72B67C00875898 /* Assets.xcassets in Resources */,
				741D05691F72B67C00875898 /* Main.storyboard in Resources */,
			);
			runOnlyForDeploymentPostprocessing = 0;
		};
		741D05721F72B67C00875898 /* Resources */ = {
			isa = PBXResourcesBuildPhase;
			buildActionMask = 2147483647;
			files = (
			);
			runOnlyForDeploymentPostprocessing = 0;
		};
		741D057D1F72B67C00875898 /* Resources */ = {
			isa = PBXResourcesBuildPhase;
			buildActionMask = 2147483647;
			files = (
			);
			runOnlyForDeploymentPostprocessing = 0;
		};
/* End PBXResourcesBuildPhase section */

/* Begin PBXSourcesBuildPhase section */
		741D055C1F72B67C00875898 /* Sources */ = {
			isa = PBXSourcesBuildPhase;
			buildActionMask = 2147483647;
			files = (
				741D05661F72B67C00875898 /* ViewController.swift in Sources */,
				741D05641F72B67C00875898 /* AppDelegate.swift in Sources */,
			);
			runOnlyForDeploymentPostprocessing = 0;
		};
		741D05701F72B67C00875898 /* Sources */ = {
			isa = PBXSourcesBuildPhase;
			buildActionMask = 2147483647;
			files = (
				741D05791F72B67C00875898 /* YelpTests.swift in Sources */,
			);
			runOnlyForDeploymentPostprocessing = 0;
		};
		741D057B1F72B67C00875898 /* Sources */ = {
			isa = PBXSourcesBuildPhase;
			buildActionMask = 2147483647;
			files = (
				741D05841F72B67C00875898 /* YelpUITests.swift in Sources */,
			);
			runOnlyForDeploymentPostprocessing = 0;
		};
/* End PBXSourcesBuildPhase section */

/* Begin PBXTargetDependency section */
		741D05761F72B67C00875898 /* PBXTargetDependency */ = {
			isa = PBXTargetDependency;
			target = 741D055F1F72B67C00875898 /* Yelp */;
			targetProxy = 741D05751F72B67C00875898 /* PBXContainerItemProxy */;
		};
		741D05811F72B67C00875898 /* PBXTargetDependency */ = {
			isa = PBXTargetDependency;
			target = 741D055F1F72B67C00875898 /* Yelp */;
			targetProxy = 741D05801F72B67C00875898 /* PBXContainerItemProxy */;
		};
/* End PBXTargetDependency section */

/* Begin PBXVariantGroup section */
		741D05671F72B67C00875898 /* Main.storyboard */ = {
			isa = PBXVariantGroup;
			children = (
				741D05681F72B67C00875898 /* Base */,
			);
			name = Main.storyboard;
			sourceTree = "<group>";
		};
		741D056C1F72B67C00875898 /* LaunchScreen.storyboard */ = {
			isa = PBXVariantGroup;
			children = (
				741D056D1F72B67C00875898 /* Base */,
			);
			name = LaunchScreen.storyboard;
			sourceTree = "<group>";
		};
/* End PBXVariantGroup section */

/* Begin XCBuildConfiguration section */
		741D05861F72B67C00875898 /* Debug */ = {
			isa = XCBuildConfiguration;
			buildSettings = {
				ALWAYS_SEARCH_USER_PATHS = NO;
				CLANG_ANALYZER_NONNULL = YES;
				CLANG_ANALYZER_NUMBER_OBJECT_CONVERSION = YES_AGGRESSIVE;
				CLANG_CXX_LANGUAGE_STANDARD = "gnu++0x";
				CLANG_CXX_LIBRARY = "libc++";
				CLANG_ENABLE_MODULES = YES;
				CLANG_ENABLE_OBJC_ARC = YES;
				CLANG_WARN_BOOL_CONVERSION = YES;
				CLANG_WARN_CONSTANT_CONVERSION = YES;
				CLANG_WARN_DIRECT_OBJC_ISA_USAGE = YES_ERROR;
				CLANG_WARN_DOCUMENTATION_COMMENTS = YES;
				CLANG_WARN_EMPTY_BODY = YES;
				CLANG_WARN_ENUM_CONVERSION = YES;
				CLANG_WARN_INFINITE_RECURSION = YES;
				CLANG_WARN_INT_CONVERSION = YES;
				CLANG_WARN_OBJC_ROOT_CLASS = YES_ERROR;
				CLANG_WARN_SUSPICIOUS_MOVE = YES;
				CLANG_WARN_UNREACHABLE_CODE = YES;
				CLANG_WARN__DUPLICATE_METHOD_MATCH = YES;
				"CODE_SIGN_IDENTITY[sdk=iphoneos*]" = "iPhone Developer";
				COPY_PHASE_STRIP = NO;
				DEBUG_INFORMATION_FORMAT = dwarf;
				ENABLE_STRICT_OBJC_MSGSEND = YES;
				ENABLE_TESTABILITY = YES;
				GCC_C_LANGUAGE_STANDARD = gnu99;
				GCC_DYNAMIC_NO_PIC = NO;
				GCC_NO_COMMON_BLOCKS = YES;
				GCC_OPTIMIZATION_LEVEL = 0;
				GCC_PREPROCESSOR_DEFINITIONS = (
					"DEBUG=1",
					"$(inherited)",
				);
				GCC_WARN_64_TO_32_BIT_CONVERSION = YES;
				GCC_WARN_ABOUT_RETURN_TYPE = YES_ERROR;
				GCC_WARN_UNDECLARED_SELECTOR = YES;
				GCC_WARN_UNINITIALIZED_AUTOS = YES_AGGRESSIVE;
				GCC_WARN_UNUSED_FUNCTION = YES;
				GCC_WARN_UNUSED_VARIABLE = YES;
				IPHONEOS_DEPLOYMENT_TARGET = 10.3;
				MTL_ENABLE_DEBUG_INFO = YES;
				ONLY_ACTIVE_ARCH = YES;
				SDKROOT = iphoneos;
				SWIFT_ACTIVE_COMPILATION_CONDITIONS = DEBUG;
				SWIFT_OPTIMIZATION_LEVEL = "-Onone";
				TARGETED_DEVICE_FAMILY = "1,2";
			};
			name = Debug;
		};
		741D05871F72B67C00875898 /* Release */ = {
			isa = XCBuildConfiguration;
			buildSettings = {
				ALWAYS_SEARCH_USER_PATHS = NO;
				CLANG_ANALYZER_NONNULL = YES;
				CLANG_ANALYZER_NUMBER_OBJECT_CONVERSION = YES_AGGRESSIVE;
				CLANG_CXX_LANGUAGE_STANDARD = "gnu++0x";
				CLANG_CXX_LIBRARY = "libc++";
				CLANG_ENABLE_MODULES = YES;
				CLANG_ENABLE_OBJC_ARC = YES;
				CLANG_WARN_BOOL_CONVERSION = YES;
				CLANG_WARN_CONSTANT_CONVERSION = YES;
				CLANG_WARN_DIRECT_OBJC_ISA_USAGE = YES_ERROR;
				CLANG_WARN_DOCUMENTATION_COMMENTS = YES;
				CLANG_WARN_EMPTY_BODY = YES;
				CLANG_WARN_ENUM_CONVERSION = YES;
				CLANG_WARN_INFINITE_RECURSION = YES;
				CLANG_WARN_INT_CONVERSION = YES;
				CLANG_WARN_OBJC_ROOT_CLASS = YES_ERROR;
				CLANG_WARN_SUSPICIOUS_MOVE = YES;
				CLANG_WARN_UNREACHABLE_CODE = YES;
				CLANG_WARN__DUPLICATE_METHOD_MATCH = YES;
				"CODE_SIGN_IDENTITY[sdk=iphoneos*]" = "iPhone Developer";
				COPY_PHASE_STRIP = NO;
				DEBUG_INFORMATION_FORMAT = "dwarf-with-dsym";
				ENABLE_NS_ASSERTIONS = NO;
				ENABLE_STRICT_OBJC_MSGSEND = YES;
				GCC_C_LANGUAGE_STANDARD = gnu99;
				GCC_NO_COMMON_BLOCKS = YES;
				GCC_WARN_64_TO_32_BIT_CONVERSION = YES;
				GCC_WARN_ABOUT_RETURN_TYPE = YES_ERROR;
				GCC_WARN_UNDECLARED_SELECTOR = YES;
				GCC_WARN_UNINITIALIZED_AUTOS = YES_AGGRESSIVE;
				GCC_WARN_UNUSED_FUNCTION = YES;
				GCC_WARN_UNUSED_VARIABLE = YES;
				IPHONEOS_DEPLOYMENT_TARGET = 10.3;
				MTL_ENABLE_DEBUG_INFO = NO;
				SDKROOT = iphoneos;
				SWIFT_OPTIMIZATION_LEVEL = "-Owholemodule";
				TARGETED_DEVICE_FAMILY = "1,2";
				VALIDATE_PRODUCT = YES;
			};
			name = Release;
		};
		741D05891F72B67C00875898 /* Debug */ = {
			isa = XCBuildConfiguration;
			buildSettings = {
				ASSETCATALOG_COMPILER_APPICON_NAME = AppIcon;
				INFOPLIST_FILE = Yelp/Info.plist;
				LD_RUNPATH_SEARCH_PATHS = "$(inherited) @executable_path/Frameworks";
				PRODUCT_BUNDLE_IDENTIFIER = com.siji.codepath.Yelp;
				PRODUCT_NAME = "$(TARGET_NAME)";
				SWIFT_VERSION = 3.0;
			};
			name = Debug;
		};
		741D058A1F72B67C00875898 /* Release */ = {
			isa = XCBuildConfiguration;
			buildSettings = {
				ASSETCATALOG_COMPILER_APPICON_NAME = AppIcon;
				INFOPLIST_FILE = Yelp/Info.plist;
				LD_RUNPATH_SEARCH_PATHS = "$(inherited) @executable_path/Frameworks";
				PRODUCT_BUNDLE_IDENTIFIER = com.siji.codepath.Yelp;
				PRODUCT_NAME = "$(TARGET_NAME)";
				SWIFT_VERSION = 3.0;
			};
			name = Release;
		};
		741D058C1F72B67C00875898 /* Debug */ = {
			isa = XCBuildConfiguration;
			buildSettings = {
				ALWAYS_EMBED_SWIFT_STANDARD_LIBRARIES = YES;
				BUNDLE_LOADER = "$(TEST_HOST)";
				INFOPLIST_FILE = YelpTests/Info.plist;
				LD_RUNPATH_SEARCH_PATHS = "$(inherited) @executable_path/Frameworks @loader_path/Frameworks";
				PRODUCT_BUNDLE_IDENTIFIER = com.siji.codepath.YelpTests;
				PRODUCT_NAME = "$(TARGET_NAME)";
				SWIFT_VERSION = 3.0;
				TEST_HOST = "$(BUILT_PRODUCTS_DIR)/Yelp.app/Yelp";
			};
			name = Debug;
		};
		741D058D1F72B67C00875898 /* Release */ = {
			isa = XCBuildConfiguration;
			buildSettings = {
				ALWAYS_EMBED_SWIFT_STANDARD_LIBRARIES = YES;
				BUNDLE_LOADER = "$(TEST_HOST)";
				INFOPLIST_FILE = YelpTests/Info.plist;
				LD_RUNPATH_SEARCH_PATHS = "$(inherited) @executable_path/Frameworks @loader_path/Frameworks";
				PRODUCT_BUNDLE_IDENTIFIER = com.siji.codepath.YelpTests;
				PRODUCT_NAME = "$(TARGET_NAME)";
				SWIFT_VERSION = 3.0;
				TEST_HOST = "$(BUILT_PRODUCTS_DIR)/Yelp.app/Yelp";
			};
			name = Release;
		};
		741D058F1F72B67C00875898 /* Debug */ = {
			isa = XCBuildConfiguration;
			buildSettings = {
				ALWAYS_EMBED_SWIFT_STANDARD_LIBRARIES = YES;
				INFOPLIST_FILE = YelpUITests/Info.plist;
				LD_RUNPATH_SEARCH_PATHS = "$(inherited) @executable_path/Frameworks @loader_path/Frameworks";
				PRODUCT_BUNDLE_IDENTIFIER = com.siji.codepath.YelpUITests;
				PRODUCT_NAME = "$(TARGET_NAME)";
				SWIFT_VERSION = 3.0;
				TEST_TARGET_NAME = Yelp;
			};
			name = Debug;
		};
		741D05901F72B67C00875898 /* Release */ = {
			isa = XCBuildConfiguration;
			buildSettings = {
				ALWAYS_EMBED_SWIFT_STANDARD_LIBRARIES = YES;
				INFOPLIST_FILE = YelpUITests/Info.plist;
				LD_RUNPATH_SEARCH_PATHS = "$(inherited) @executable_path/Frameworks @loader_path/Frameworks";
				PRODUCT_BUNDLE_IDENTIFIER = com.siji.codepath.YelpUITests;
				PRODUCT_NAME = "$(TARGET_NAME)";
				SWIFT_VERSION = 3.0;
				TEST_TARGET_NAME = Yelp;
			};
			name = Release;
		};
/* End XCBuildConfiguration section */

/* Begin XCConfigurationList section */
		741D055B1F72B67C00875898 /* Build configuration list for PBXProject "Yelp" */ = {
			isa = XCConfigurationList;
			buildConfigurations = (
				741D05861F72B67C00875898 /* Debug */,
				741D05871F72B67C00875898 /* Release */,
			);
			defaultConfigurationIsVisible = 0;
			defaultConfigurationName = Release;
		};
		741D05881F72B67C00875898 /* Build configuration list for PBXNativeTarget "Yelp" */ = {
			isa = XCConfigurationList;
			buildConfigurations = (
				741D05891F72B67C00875898 /* Debug */,
				741D058A1F72B67C00875898 /* Release */,
			);
			defaultConfigurationIsVisible = 0;
		};
		741D058B1F72B67C00875898 /* Build configuration list for PBXNativeTarget "YelpTests" */ = {
			isa = XCConfigurationList;
			buildConfigurations = (
				741D058C1F72B67C00875898 /* Debug */,
				741D058D1F72B67C00875898 /* Release */,
			);
			defaultConfigurationIsVisible = 0;
		};
		741D058E1F72B67C00875898 /* Build configuration list for PBXNativeTarget "YelpUITests" */ = {
			isa = XCConfigurationList;
			buildConfigurations = (
				741D058F1F72B67C00875898 /* Debug */,
				741D05901F72B67C00875898 /* Release */,
			);
			defaultConfigurationIsVisible = 0;
		};
/* End XCConfigurationList section */
	};
	rootObject = 741D05581F72B67C00875898 /* Project object */;
}
